
Microsoft Visual Studio Solution File, Format Version 12.00
# Visual Studio 15
VisualStudioVersion = 15.0.27130.2010
MinimumVisualStudioVersion = 10.0.40219.1
Project("{2150E333-8FDC-42A3-9474-1A3956D46DE8}") = "Common", "Common", "{8E217E74-C361-4B46-BA13-243F4A7702D8}"
EndProject
Project("{9A19103F-16F7-4668-BE54-9A1E7A4F7556}") = "Architecture.SharedLibrary", "Common\Architecture.SharedLibrary\Architecture.SharedLibrary.csproj", "{E5A107E9-8177-4D5A-AEF8-CE56A1C79372}"
EndProject
Project("{2150E333-8FDC-42A3-9474-1A3956D46DE8}") = "Web", "Web", "{928D8A5D-F782-424F-B551-D5DF1072BF84}"
EndProject
Project("{9A19103F-16F7-4668-BE54-9A1E7A4F7556}") = "Architecture.Core.WebAPI", "Web\Architecture.Core.WebAPI\Architecture.Core.WebAPI.csproj", "{BAB4177B-670A-42B6-98C3-BFF202DBE479}"
EndProject
Project("{9A19103F-16F7-4668-BE54-9A1E7A4F7556}") = "Architecture.Core.WebMVC", "Web\Architecture.Core.WebMVC\Architecture.Core.WebMVC.csproj", "{4DA76C7A-724E-47A0-BD8C-12FEC12438C8}"
EndProject
Project("{9A19103F-16F7-4668-BE54-9A1E7A4F7556}") = "Architecture.Core.WebAPP", "Web\Architecture.Core.WebAPP\Architecture.Core.WebAPP.csproj", "{88FAC389-5B16-4D63-90D7-0216F554CA4A}"
EndProject
Project("{9A19103F-16F7-4668-BE54-9A1E7A4F7556}") = "Architecture.Core.WebAngular", "Web\Architecture.Core.WebAngular\Architecture.Core.WebAngular.csproj", "{3BDB7A4F-C5CB-4C0D-B232-D3697831C5EA}"
EndProject
Project("{2150E333-8FDC-42A3-9474-1A3956D46DE8}") = "Business", "Business", "{304BB220-6640-4225-A94C-1789742EA404}"
EndProject
Project("{9A19103F-16F7-4668-BE54-9A1E7A4F7556}") = "Architecture.Core.Biz", "Business\Architecture.Core.Biz\Architecture.Core.Biz.csproj", "{A54FF7C5-C376-41D2-BF84-635EFA01C13A}"
EndProject
Project("{9A19103F-16F7-4668-BE54-9A1E7A4F7556}") = "Architecture.Standard.Biz", "Business\Architecture.Standard.Biz\Architecture.Standard.Biz.csproj", "{DA3DF715-2AD7-4C4B-B4AD-ECB2F57215E5}"
EndProject
Project("{FAE04EC0-301F-11D3-BF4B-00C04F79EFBC}") = "Architecture.Framework.Biz", "Business\Architecture.Framework.Biz\Architecture.Framework.Biz.csproj", "{CAB4E63C-D71C-4049-9629-42BBB1235DC0}"
EndProject
Project("{FAE04EC0-301F-11D3-BF4B-00C04F79EFBC}") = "Architecture.Framework.API", "Web\Architecture.Framework.API\Architecture.Framework.API.csproj", "{8E4DD517-6502-4581-BAC3-F1A88DFA2336}"
EndProject
Project("{2150E333-8FDC-42A3-9474-1A3956D46DE8}") = "Console", "Console", "{79D1CE3F-621C-4CF6-9B1F-27B57AF582E6}"
EndProject
Project("{9A19103F-16F7-4668-BE54-9A1E7A4F7556}") = "Architecture.Core.Console", "Console\Architecture.Core.Console\Architecture.Core.Console.csproj", "{F20428F6-A812-4407-BF3A-9090B3B29148}"
EndProject
Project("{FAE04EC0-301F-11D3-BF4B-00C04F79EFBC}") = "Architecture.Framework.Console", "Console\Architecture.Framework.Console\Architecture.Framework.Console.csproj", "{56A4E55C-FF0B-49F5-82FD-5227155B3D0E}"
EndProject
Project("{FAE04EC0-301F-11D3-BF4B-00C04F79EFBC}") = "Architecture.Core.WebAPI.NETCore", "Web\Architecture.Core.WebAPI.NETCore\Architecture.Core.WebAPI.NETCore.csproj", "{9CF02A7B-34C8-4D9E-AF9E-3DE2E20A38C7}"
EndProject
Project("{FAE04EC0-301F-11D3-BF4B-00C04F79EFBC}") = "Architecture.Core.WebAPI.NETFramework", "Web\Architecture.Core.WebAPI.NETFramework\Architecture.Core.WebAPI.NETFramework.csproj", "{4FE34204-1D43-4566-A440-E49B0F6B8988}"
EndProject
Project("{FAE04EC0-301F-11D3-BF4B-00C04F79EFBC}") = "Architecture.Framework4.Biz", "Business\Architecture.Framework4.Biz\Architecture.Framework4.Biz.csproj", "{3D0C67FB-AB97-421A-B614-BA6AE2552B1D}"
EndProject
Global
	GlobalSection(SolutionConfigurationPlatforms) = preSolution
		Debug|Any CPU = Debug|Any CPU
		Release|Any CPU = Release|Any CPU
	EndGlobalSection
	GlobalSection(ProjectConfigurationPlatforms) = postSolution
		{E5A107E9-8177-4D5A-AEF8-CE56A1C79372}.Debug|Any CPU.ActiveCfg = Debug|Any CPU
		{E5A107E9-8177-4D5A-AEF8-CE56A1C79372}.Debug|Any CPU.Build.0 = Debug|Any CPU
		{E5A107E9-8177-4D5A-AEF8-CE56A1C79372}.Release|Any CPU.ActiveCfg = Release|Any CPU
		{E5A107E9-8177-4D5A-AEF8-CE56A1C79372}.Release|Any CPU.Build.0 = Release|Any CPU
		{BAB4177B-670A-42B6-98C3-BFF202DBE479}.Debug|Any CPU.ActiveCfg = Debug|Any CPU
		{BAB4177B-670A-42B6-98C3-BFF202DBE479}.Debug|Any CPU.Build.0 = Debug|Any CPU
		{BAB4177B-670A-42B6-98C3-BFF202DBE479}.Release|Any CPU.ActiveCfg = Release|Any CPU
		{BAB4177B-670A-42B6-98C3-BFF202DBE479}.Release|Any CPU.Build.0 = Release|Any CPU
		{4DA76C7A-724E-47A0-BD8C-12FEC12438C8}.Debug|Any CPU.ActiveCfg = Debug|Any CPU
		{4DA76C7A-724E-47A0-BD8C-12FEC12438C8}.Debug|Any CPU.Build.0 = Debug|Any CPU
		{4DA76C7A-724E-47A0-BD8C-12FEC12438C8}.Release|Any CPU.ActiveCfg = Release|Any CPU
		{4DA76C7A-724E-47A0-BD8C-12FEC12438C8}.Release|Any CPU.Build.0 = Release|Any CPU
		{88FAC389-5B16-4D63-90D7-0216F554CA4A}.Debug|Any CPU.ActiveCfg = Debug|Any CPU
		{88FAC389-5B16-4D63-90D7-0216F554CA4A}.Debug|Any CPU.Build.0 = Debug|Any CPU
		{88FAC389-5B16-4D63-90D7-0216F554CA4A}.Release|Any CPU.ActiveCfg = Release|Any CPU
		{88FAC389-5B16-4D63-90D7-0216F554CA4A}.Release|Any CPU.Build.0 = Release|Any CPU
		{3BDB7A4F-C5CB-4C0D-B232-D3697831C5EA}.Debug|Any CPU.ActiveCfg = Debug|Any CPU
		{3BDB7A4F-C5CB-4C0D-B232-D3697831C5EA}.Debug|Any CPU.Build.0 = Debug|Any CPU
		{3BDB7A4F-C5CB-4C0D-B232-D3697831C5EA}.Release|Any CPU.ActiveCfg = Release|Any CPU
		{3BDB7A4F-C5CB-4C0D-B232-D3697831C5EA}.Release|Any CPU.Build.0 = Release|Any CPU
		{A54FF7C5-C376-41D2-BF84-635EFA01C13A}.Debug|Any CPU.ActiveCfg = Debug|Any CPU
		{A54FF7C5-C376-41D2-BF84-635EFA01C13A}.Debug|Any CPU.Build.0 = Debug|Any CPU
		{A54FF7C5-C376-41D2-BF84-635EFA01C13A}.Release|Any CPU.ActiveCfg = Release|Any CPU
		{A54FF7C5-C376-41D2-BF84-635EFA01C13A}.Release|Any CPU.Build.0 = Release|Any CPU
		{DA3DF715-2AD7-4C4B-B4AD-ECB2F57215E5}.Debug|Any CPU.ActiveCfg = Debug|Any CPU
		{DA3DF715-2AD7-4C4B-B4AD-ECB2F57215E5}.Debug|Any CPU.Build.0 = Debug|Any CPU
		{DA3DF715-2AD7-4C4B-B4AD-ECB2F57215E5}.Release|Any CPU.ActiveCfg = Release|Any CPU
		{DA3DF715-2AD7-4C4B-B4AD-ECB2F57215E5}.Release|Any CPU.Build.0 = Release|Any CPU
		{CAB4E63C-D71C-4049-9629-42BBB1235DC0}.Debug|Any CPU.ActiveCfg = Debug|Any CPU
		{CAB4E63C-D71C-4049-9629-42BBB1235DC0}.Debug|Any CPU.Build.0 = Debug|Any CPU
		{CAB4E63C-D71C-4049-9629-42BBB1235DC0}.Release|Any CPU.ActiveCfg = Release|Any CPU
		{CAB4E63C-D71C-4049-9629-42BBB1235DC0}.Release|Any CPU.Build.0 = Release|Any CPU
		{8E4DD517-6502-4581-BAC3-F1A88DFA2336}.Debug|Any CPU.ActiveCfg = Debug|Any CPU
		{8E4DD517-6502-4581-BAC3-F1A88DFA2336}.Debug|Any CPU.Build.0 = Debug|Any CPU
		{8E4DD517-6502-4581-BAC3-F1A88DFA2336}.Release|Any CPU.ActiveCfg = Release|Any CPU
		{8E4DD517-6502-4581-BAC3-F1A88DFA2336}.Release|Any CPU.Build.0 = Release|Any CPU
		{F20428F6-A812-4407-BF3A-9090B3B29148}.Debug|Any CPU.ActiveCfg = Debug|Any CPU
		{F20428F6-A812-4407-BF3A-9090B3B29148}.Debug|Any CPU.Build.0 = Debug|Any CPU
		{F20428F6-A812-4407-BF3A-9090B3B29148}.Release|Any CPU.ActiveCfg = Release|Any CPU
		{F20428F6-A812-4407-BF3A-9090B3B29148}.Release|Any CPU.Build.0 = Release|Any CPU
		{56A4E55C-FF0B-49F5-82FD-5227155B3D0E}.Debug|Any CPU.ActiveCfg = Debug|Any CPU
		{56A4E55C-FF0B-49F5-82FD-5227155B3D0E}.Debug|Any CPU.Build.0 = Debug|Any CPU
		{56A4E55C-FF0B-49F5-82FD-5227155B3D0E}.Release|Any CPU.ActiveCfg = Release|Any CPU
		{56A4E55C-FF0B-49F5-82FD-5227155B3D0E}.Release|Any CPU.Build.0 = Release|Any CPU
		{9CF02A7B-34C8-4D9E-AF9E-3DE2E20A38C7}.Debug|Any CPU.ActiveCfg = Debug|Any CPU
		{9CF02A7B-34C8-4D9E-AF9E-3DE2E20A38C7}.Debug|Any CPU.Build.0 = Debug|Any CPU
		{9CF02A7B-34C8-4D9E-AF9E-3DE2E20A38C7}.Release|Any CPU.ActiveCfg = Release|Any CPU
		{9CF02A7B-34C8-4D9E-AF9E-3DE2E20A38C7}.Release|Any CPU.Build.0 = Release|Any CPU
		{4FE34204-1D43-4566-A440-E49B0F6B8988}.Debug|Any CPU.ActiveCfg = Debug|Any CPU
		{4FE34204-1D43-4566-A440-E49B0F6B8988}.Debug|Any CPU.Build.0 = Debug|Any CPU
		{4FE34204-1D43-4566-A440-E49B0F6B8988}.Release|Any CPU.ActiveCfg = Release|Any CPU
		{4FE34204-1D43-4566-A440-E49B0F6B8988}.Release|Any CPU.Build.0 = Release|Any CPU
		{3D0C67FB-AB97-421A-B614-BA6AE2552B1D}.Debug|Any CPU.ActiveCfg = Debug|Any CPU
		{3D0C67FB-AB97-421A-B614-BA6AE2552B1D}.Debug|Any CPU.Build.0 = Debug|Any CPU
		{3D0C67FB-AB97-421A-B614-BA6AE2552B1D}.Release|Any CPU.ActiveCfg = Release|Any CPU
		{3D0C67FB-AB97-421A-B614-BA6AE2552B1D}.Release|Any CPU.Build.0 = Release|Any CPU
	EndGlobalSection
	GlobalSection(SolutionProperties) = preSolution
		HideSolutionNode = FALSE
	EndGlobalSection
	GlobalSection(NestedProjects) = preSolution
		{E5A107E9-8177-4D5A-AEF8-CE56A1C79372} = {8E217E74-C361-4B46-BA13-243F4A7702D8}
		{BAB4177B-670A-42B6-98C3-BFF202DBE479} = {928D8A5D-F782-424F-B551-D5DF1072BF84}
		{4DA76C7A-724E-47A0-BD8C-12FEC12438C8} = {928D8A5D-F782-424F-B551-D5DF1072BF84}
		{88FAC389-5B16-4D63-90D7-0216F554CA4A} = {928D8A5D-F782-424F-B551-D5DF1072BF84}
		{3BDB7A4F-C5CB-4C0D-B232-D3697831C5EA} = {928D8A5D-F782-424F-B551-D5DF1072BF84}
		{A54FF7C5-C376-41D2-BF84-635EFA01C13A} = {304BB220-6640-4225-A94C-1789742EA404}
		{DA3DF715-2AD7-4C4B-B4AD-ECB2F57215E5} = {304BB220-6640-4225-A94C-1789742EA404}
		{CAB4E63C-D71C-4049-9629-42BBB1235DC0} = {304BB220-6640-4225-A94C-1789742EA404}
		{8E4DD517-6502-4581-BAC3-F1A88DFA2336} = {928D8A5D-F782-424F-B551-D5DF1072BF84}
		{F20428F6-A812-4407-BF3A-9090B3B29148} = {79D1CE3F-621C-4CF6-9B1F-27B57AF582E6}
		{56A4E55C-FF0B-49F5-82FD-5227155B3D0E} = {79D1CE3F-621C-4CF6-9B1F-27B57AF582E6}
		{9CF02A7B-34C8-4D9E-AF9E-3DE2E20A38C7} = {928D8A5D-F782-424F-B551-D5DF1072BF84}
		{4FE34204-1D43-4566-A440-E49B0F6B8988} = {928D8A5D-F782-424F-B551-D5DF1072BF84}
		{3D0C67FB-AB97-421A-B614-BA6AE2552B1D} = {304BB220-6640-4225-A94C-1789742EA404}
	EndGlobalSection
	GlobalSection(ExtensibilityGlobals) = postSolution
		SolutionGuid = {FF9EE89D-BFBC-4E9A-8B36-9BB1148F3DB8}
	EndGlobalSection
EndGlobal
